// !$*UTF8*$!
{
	archiveVersion = 1;
	classes = {
	};
	objectVersion = 46;
	objects = {

/* Begin PBXBuildFile section */
		C6F148771EFA72D300459CB2 /* main.m in Sources */ = {isa = PBXBuildFile; fileRef = C6F148761EFA72D300459CB2 /* main.m */; };
		C6F1487A1EFA72D300459CB2 /* AppDelegate.m in Sources */ = {isa = PBXBuildFile; fileRef = C6F148791EFA72D300459CB2 /* AppDelegate.m */; };
		C6F1487D1EFA72D300459CB2 /* ViewController.m in Sources */ = {isa = PBXBuildFile; fileRef = C6F1487C1EFA72D300459CB2 /* ViewController.m */; };
		C6F148801EFA72D300459CB2 /* Main.storyboard in Resources */ = {isa = PBXBuildFile; fileRef = C6F1487E1EFA72D300459CB2 /* Main.storyboard */; };
		C6F148821EFA72D300459CB2 /* Assets.xcassets in Resources */ = {isa = PBXBuildFile; fileRef = C6F148811EFA72D300459CB2 /* Assets.xcassets */; };
		C6F148851EFA72D300459CB2 /* LaunchScreen.storyboard in Resources */ = {isa = PBXBuildFile; fileRef = C6F148831EFA72D300459CB2 /* LaunchScreen.storyboard */; };
		C6F148901EFA72D300459CB2 /* VoiceTests.m in Sources */ = {isa = PBXBuildFile; fileRef = C6F1488F1EFA72D300459CB2 /* VoiceTests.m */; };
		C6F1489B1EFA72D300459CB2 /* VoiceUITests.m in Sources */ = {isa = PBXBuildFile; fileRef = C6F1489A1EFA72D300459CB2 /* VoiceUITests.m */; };
		C6F148AA1EFA72DD00459CB2 /* VoiceWindow.m in Sources */ = {isa = PBXBuildFile; fileRef = C6F148A91EFA72DD00459CB2 /* VoiceWindow.m */; };
		C6F148AD1EFA734A00459CB2 /* VoiceViewController.m in Sources */ = {isa = PBXBuildFile; fileRef = C6F148AC1EFA734A00459CB2 /* VoiceViewController.m */; };
		C6F148AF1EFA773400459CB2 /* maple.png in Resources */ = {isa = PBXBuildFile; fileRef = C6F148AE1EFA773400459CB2 /* maple.png */; };
		C6F148B21EFA81AB00459CB2 /* FullScreenView.m in Sources */ = {isa = PBXBuildFile; fileRef = C6F148B11EFA81AB00459CB2 /* FullScreenView.m */; };
		C6F148F31EFA8F7000459CB2 /* circle副本.png in Resources */ = {isa = PBXBuildFile; fileRef = C6F148F21EFA8F7000459CB2 /* circle副本.png */; };
		C6F148F91EFA921E00459CB2 /* mask.png in Resources */ = {isa = PBXBuildFile; fileRef = C6F148F81EFA921E00459CB2 /* mask.png */; };
		C6F149431EFBA77300459CB2 /* phone.png in Resources */ = {isa = PBXBuildFile; fileRef = C6F149421EFBA77300459CB2 /* phone.png */; };
		C6F149451EFBB28800459CB2 /* background.jpg in Resources */ = {isa = PBXBuildFile; fileRef = C6F149441EFBB28800459CB2 /* background.jpg */; };
		C6F1494A1EFBB68A00459CB2 /* a61773e9c1561d64240ce4d100027272.jpg in Resources */ = {isa = PBXBuildFile; fileRef = C6F149491EFBB68A00459CB2 /* a61773e9c1561d64240ce4d100027272.jpg */; };
/* End PBXBuildFile section */

/* Begin PBXContainerItemProxy section */
		C6F1488C1EFA72D300459CB2 /* PBXContainerItemProxy */ = {
			isa = PBXContainerItemProxy;
			containerPortal = C6F1486A1EFA72D300459CB2 /* Project object */;
			proxyType = 1;
			remoteGlobalIDString = C6F148711EFA72D300459CB2;
			remoteInfo = Voice;
		};
		C6F148971EFA72D300459CB2 /* PBXContainerItemProxy */ = {
			isa = PBXContainerItemProxy;
			containerPortal = C6F1486A1EFA72D300459CB2 /* Project object */;
			proxyType = 1;
			remoteGlobalIDString = C6F148711EFA72D300459CB2;
			remoteInfo = Voice;
		};
/* End PBXContainerItemProxy section */

/* Begin PBXFileReference section */
		C6F148721EFA72D300459CB2 /* Voice.app */ = {isa = PBXFileReference; explicitFileType = wrapper.application; includeInIndex = 0; path = Voice.app; sourceTree = BUILT_PRODUCTS_DIR; };
		C6F148761EFA72D300459CB2 /* main.m */ = {isa = PBXFileReference; lastKnownFileType = sourcecode.c.objc; path = main.m; sourceTree = "<group>"; };
		C6F148781EFA72D300459CB2 /* AppDelegate.h */ = {isa = PBXFileReference; lastKnownFileType = sourcecode.c.h; path = AppDelegate.h; sourceTree = "<group>"; };
		C6F148791EFA72D300459CB2 /* AppDelegate.m */ = {isa = PBXFileReference; lastKnownFileType = sourcecode.c.objc; path = AppDelegate.m; sourceTree = "<group>"; };
		C6F1487B1EFA72D300459CB2 /* ViewController.h */ = {isa = PBXFileReference; lastKnownFileType = sourcecode.c.h; path = ViewController.h; sourceTree = "<group>"; };
		C6F1487C1EFA72D300459CB2 /* ViewController.m */ = {isa = PBXFileReference; lastKnownFileType = sourcecode.c.objc; path = ViewController.m; sourceTree = "<group>"; };
		C6F1487F1EFA72D300459CB2 /* Base */ = {isa = PBXFileReference; lastKnownFileType = file.storyboard; name = Base; path = Base.lproj/Main.storyboard; sourceTree = "<group>"; };
		C6F148811EFA72D300459CB2 /* Assets.xcassets */ = {isa = PBXFileReference; lastKnownFileType = folder.assetcatalog; path = Assets.xcassets; sourceTree = "<group>"; };
		C6F148841EFA72D300459CB2 /* Base */ = {isa = PBXFileReference; lastKnownFileType = file.storyboard; name = Base; path = Base.lproj/LaunchScreen.storyboard; sourceTree = "<group>"; };
		C6F148861EFA72D300459CB2 /* Info.plist */ = {isa = PBXFileReference; lastKnownFileType = text.plist.xml; path = Info.plist; sourceTree = "<group>"; };
		C6F1488B1EFA72D300459CB2 /* VoiceTests.xctest */ = {isa = PBXFileReference; explicitFileType = wrapper.cfbundle; includeInIndex = 0; path = VoiceTests.xctest; sourceTree = BUILT_PRODUCTS_DIR; };
		C6F1488F1EFA72D300459CB2 /* VoiceTests.m */ = {isa = PBXFileReference; lastKnownFileType = sourcecode.c.objc; path = VoiceTests.m; sourceTree = "<group>"; };
		C6F148911EFA72D300459CB2 /* Info.plist */ = {isa = PBXFileReference; lastKnownFileType = text.plist.xml; path = Info.plist; sourceTree = "<group>"; };
		C6F148961EFA72D300459CB2 /* VoiceUITests.xctest */ = {isa = PBXFileReference; explicitFileType = wrapper.cfbundle; includeInIndex = 0; path = VoiceUITests.xctest; sourceTree = BUILT_PRODUCTS_DIR; };
		C6F1489A1EFA72D300459CB2 /* VoiceUITests.m */ = {isa = PBXFileReference; lastKnownFileType = sourcecode.c.objc; path = VoiceUITests.m; sourceTree = "<group>"; };
		C6F1489C1EFA72D300459CB2 /* Info.plist */ = {isa = PBXFileReference; lastKnownFileType = text.plist.xml; path = Info.plist; sourceTree = "<group>"; };
		C6F148A81EFA72DD00459CB2 /* VoiceWindow.h */ = {isa = PBXFileReference; fileEncoding = 4; lastKnownFileType = sourcecode.c.h; path = VoiceWindow.h; sourceTree = "<group>"; };
		C6F148A91EFA72DD00459CB2 /* VoiceWindow.m */ = {isa = PBXFileReference; fileEncoding = 4; lastKnownFileType = sourcecode.c.objc; path = VoiceWindow.m; sourceTree = "<group>"; };
		C6F148AB1EFA734A00459CB2 /* VoiceViewController.h */ = {isa = PBXFileReference; fileEncoding = 4; lastKnownFileType = sourcecode.c.h; path = VoiceViewController.h; sourceTree = "<group>"; };
		C6F148AC1EFA734A00459CB2 /* VoiceViewController.m */ = {isa = PBXFileReference; fileEncoding = 4; lastKnownFileType = sourcecode.c.objc; path = VoiceViewController.m; sourceTree = "<group>"; };
		C6F148AE1EFA773400459CB2 /* maple.png */ = {isa = PBXFileReference; lastKnownFileType = image.png; name = maple.png; path = ../maple.png; sourceTree = "<group>"; };
		C6F148B01EFA81AB00459CB2 /* FullScreenView.h */ = {isa = PBXFileReference; fileEncoding = 4; lastKnownFileType = sourcecode.c.h; path = FullScreenView.h; sourceTree = "<group>"; };
		C6F148B11EFA81AB00459CB2 /* FullScreenView.m */ = {isa = PBXFileReference; fileEncoding = 4; lastKnownFileType = sourcecode.c.objc; path = FullScreenView.m; sourceTree = "<group>"; };
		C6F148F21EFA8F7000459CB2 /* circle副本.png */ = {isa = PBXFileReference; lastKnownFileType = image.png; name = "circle副本.png"; path = "../circle副本.png"; sourceTree = "<group>"; };
		C6F148F81EFA921E00459CB2 /* mask.png */ = {isa = PBXFileReference; lastKnownFileType = image.png; name = mask.png; path = ../mask.png; sourceTree = "<group>"; };
		C6F149421EFBA77300459CB2 /* phone.png */ = {isa = PBXFileReference; lastKnownFileType = image.png; name = phone.png; path = ../phone.png; sourceTree = "<group>"; };
		C6F149441EFBB28800459CB2 /* background.jpg */ = {isa = PBXFileReference; lastKnownFileType = image.jpeg; name = background.jpg; path = ../background.jpg; sourceTree = "<group>"; };
		C6F149491EFBB68A00459CB2 /* a61773e9c1561d64240ce4d100027272.jpg */ = {isa = PBXFileReference; lastKnownFileType = image.jpeg; name = a61773e9c1561d64240ce4d100027272.jpg; path = ../a61773e9c1561d64240ce4d100027272.jpg; sourceTree = "<group>"; };
/* End PBXFileReference section */

/* Begin PBXFrameworksBuildPhase section */
		C6F1486F1EFA72D300459CB2 /* Frameworks */ = {
			isa = PBXFrameworksBuildPhase;
			buildActionMask = 2147483647;
			files = (
			);
			runOnlyForDeploymentPostprocessing = 0;
		};
		C6F148881EFA72D300459CB2 /* Frameworks */ = {
			isa = PBXFrameworksBuildPhase;
			buildActionMask = 2147483647;
			files = (
			);
			runOnlyForDeploymentPostprocessing = 0;
		};
		C6F148931EFA72D300459CB2 /* Frameworks */ = {
			isa = PBXFrameworksBuildPhase;
			buildActionMask = 2147483647;
			files = (
			);
			runOnlyForDeploymentPostprocessing = 0;
		};
/* End PBXFrameworksBuildPhase section */

/* Begin PBXGroup section */
		C6F148691EFA72D300459CB2 = {
			isa = PBXGroup;
			children = (
				C6F148741EFA72D300459CB2 /* Voice */,
				C6F1488E1EFA72D300459CB2 /* VoiceTests */,
				C6F148991EFA72D300459CB2 /* VoiceUITests */,
				C6F148731EFA72D300459CB2 /* Products */,
			);
			sourceTree = "<group>";
		};
		C6F148731EFA72D300459CB2 /* Products */ = {
			isa = PBXGroup;
			children = (
				C6F148721EFA72D300459CB2 /* Voice.app */,
				C6F1488B1EFA72D300459CB2 /* VoiceTests.xctest */,
				C6F148961EFA72D300459CB2 /* VoiceUITests.xctest */,
			);
			name = Products;
			sourceTree = "<group>";
		};
		C6F148741EFA72D300459CB2 /* Voice */ = {
			isa = PBXGroup;
			children = (
				C6F148781EFA72D300459CB2 /* AppDelegate.h */,
				C6F148791EFA72D300459CB2 /* AppDelegate.m */,
				C6F1487B1EFA72D300459CB2 /* ViewController.h */,
				C6F1487C1EFA72D300459CB2 /* ViewController.m */,
				C6F148AB1EFA734A00459CB2 /* VoiceViewController.h */,
				C6F148AC1EFA734A00459CB2 /* VoiceViewController.m */,
				C6F148A81EFA72DD00459CB2 /* VoiceWindow.h */,
				C6F148A91EFA72DD00459CB2 /* VoiceWindow.m */,
				C6F148B01EFA81AB00459CB2 /* FullScreenView.h */,
				C6F148B11EFA81AB00459CB2 /* FullScreenView.m */,
				C6F1494B1EFBB81400459CB2 /* Source */,
				C6F1487E1EFA72D300459CB2 /* Main.storyboard */,
				C6F148811EFA72D300459CB2 /* Assets.xcassets */,
				C6F148831EFA72D300459CB2 /* LaunchScreen.storyboard */,
				C6F148861EFA72D300459CB2 /* Info.plist */,
				C6F148751EFA72D300459CB2 /* Supporting Files */,
			);
			path = Voice;
			sourceTree = "<group>";
		};
		C6F148751EFA72D300459CB2 /* Supporting Files */ = {
			isa = PBXGroup;
			children = (
				C6F148761EFA72D300459CB2 /* main.m */,
			);
			name = "Supporting Files";
			sourceTree = "<group>";
		};
		C6F1488E1EFA72D300459CB2 /* VoiceTests */ = {
			isa = PBXGroup;
			children = (
				C6F1488F1EFA72D300459CB2 /* VoiceTests.m */,
				C6F148911EFA72D300459CB2 /* Info.plist */,
			);
			path = VoiceTests;
			sourceTree = "<group>";
		};
		C6F148991EFA72D300459CB2 /* VoiceUITests */ = {
			isa = PBXGroup;
			children = (
				C6F1489A1EFA72D300459CB2 /* VoiceUITests.m */,
				C6F1489C1EFA72D300459CB2 /* Info.plist */,
			);
			path = VoiceUITests;
			sourceTree = "<group>";
		};
		C6F1494B1EFBB81400459CB2 /* Source */ = {
			isa = PBXGroup;
			children = (
				C6F149491EFBB68A00459CB2 /* a61773e9c1561d64240ce4d100027272.jpg */,
				C6F148F81EFA921E00459CB2 /* mask.png */,
				C6F149421EFBA77300459CB2 /* phone.png */,
				C6F148F21EFA8F7000459CB2 /* circle副本.png */,
				C6F148AE1EFA773400459CB2 /* maple.png */,
				C6F149441EFBB28800459CB2 /* background.jpg */,
			);
			path = Source;
			sourceTree = "<group>";
		};
/* End PBXGroup section */

/* Begin PBXNativeTarget section */
		C6F148711EFA72D300459CB2 /* Voice */ = {
			isa = PBXNativeTarget;
			buildConfigurationList = C6F1489F1EFA72D300459CB2 /* Build configuration list for PBXNativeTarget "Voice" */;
			buildPhases = (
				C6F1486E1EFA72D300459CB2 /* Sources */,
				C6F1486F1EFA72D300459CB2 /* Frameworks */,
				C6F148701EFA72D300459CB2 /* Resources */,
			);
			buildRules = (
			);
			dependencies = (
			);
			name = Voice;
			productName = Voice;
			productReference = C6F148721EFA72D300459CB2 /* Voice.app */;
			productType = "com.apple.product-type.application";
		};
		C6F1488A1EFA72D300459CB2 /* VoiceTests */ = {
			isa = PBXNativeTarget;
			buildConfigurationList = C6F148A21EFA72D300459CB2 /* Build configuration list for PBXNativeTarget "VoiceTests" */;
			buildPhases = (
				C6F148871EFA72D300459CB2 /* Sources */,
				C6F148881EFA72D300459CB2 /* Frameworks */,
				C6F148891EFA72D300459CB2 /* Resources */,
			);
			buildRules = (
			);
			dependencies = (
				C6F1488D1EFA72D300459CB2 /* PBXTargetDependency */,
			);
			name = VoiceTests;
			productName = VoiceTests;
			productReference = C6F1488B1EFA72D300459CB2 /* VoiceTests.xctest */;
			productType = "com.apple.product-type.bundle.unit-test";
		};
		C6F148951EFA72D300459CB2 /* VoiceUITests */ = {
			isa = PBXNativeTarget;
			buildConfigurationList = C6F148A51EFA72D300459CB2 /* Build configuration list for PBXNativeTarget "VoiceUITests" */;
			buildPhases = (
				C6F148921EFA72D300459CB2 /* Sources */,
				C6F148931EFA72D300459CB2 /* Frameworks */,
				C6F148941EFA72D300459CB2 /* Resources */,
			);
			buildRules = (
			);
			dependencies = (
				C6F148981EFA72D300459CB2 /* PBXTargetDependency */,
			);
			name = VoiceUITests;
			productName = VoiceUITests;
			productReference = C6F148961EFA72D300459CB2 /* VoiceUITests.xctest */;
			productType = "com.apple.product-type.bundle.ui-testing";
		};
/* End PBXNativeTarget section */

/* Begin PBXProject section */
		C6F1486A1EFA72D300459CB2 /* Project object */ = {
			isa = PBXProject;
			attributes = {
				LastUpgradeCheck = 0830;
				ORGANIZATIONNAME = Maple;
				TargetAttributes = {
					C6F148711EFA72D300459CB2 = {
						CreatedOnToolsVersion = 8.3.3;
						DevelopmentTeam = 8YPZ4VJXJG;
						ProvisioningStyle = Automatic;
					};
					C6F1488A1EFA72D300459CB2 = {
						CreatedOnToolsVersion = 8.3.3;
						DevelopmentTeam = 8YPZ4VJXJG;
						ProvisioningStyle = Automatic;
						TestTargetID = C6F148711EFA72D300459CB2;
					};
					C6F148951EFA72D300459CB2 = {
						CreatedOnToolsVersion = 8.3.3;
						DevelopmentTeam = 8YPZ4VJXJG;
						ProvisioningStyle = Automatic;
						TestTargetID = C6F148711EFA72D300459CB2;
					};
				};
			};
			buildConfigurationList = C6F1486D1EFA72D300459CB2 /* Build configuration list for PBXProject "Voice" */;
			compatibilityVersion = "Xcode 3.2";
			developmentRegion = English;
			hasScannedForEncodings = 0;
			knownRegions = (
				en,
				Base,
			);
			mainGroup = C6F148691EFA72D300459CB2;
			productRefGroup = C6F148731EFA72D300459CB2 /* Products */;
			projectDirPath = "";
			projectRoot = "";
			targets = (
				C6F148711EFA72D300459CB2 /* Voice */,
				C6F1488A1EFA72D300459CB2 /* VoiceTests */,
				C6F148951EFA72D300459CB2 /* VoiceUITests */,
			);
		};
/* End PBXProject section */

/* Begin PBXResourcesBuildPhase section */
		C6F148701EFA72D300459CB2 /* Resources */ = {
			isa = PBXResourcesBuildPhase;
			buildActionMask = 2147483647;
			files = (
				C6F149451EFBB28800459CB2 /* background.jpg in Resources */,
				C6F149431EFBA77300459CB2 /* phone.png in Resources */,
				C6F148F31EFA8F7000459CB2 /* circle副本.png in Resources */,
				C6F148F91EFA921E00459CB2 /* mask.png in Resources */,
				C6F1494A1EFBB68A00459CB2 /* a61773e9c1561d64240ce4d100027272.jpg in Resources */,
				C6F148851EFA72D300459CB2 /* LaunchScreen.storyboard in Resources */,
				C6F148821EFA72D300459CB2 /* Assets.xcassets in Resources */,
				C6F148801EFA72D300459CB2 /* Main.storyboard in Resources */,
				C6F148AF1EFA773400459CB2 /* maple.png in Resources */,
			);
			runOnlyForDeploymentPostprocessing = 0;
		};
		C6F148891EFA72D300459CB2 /* Resources */ = {
			isa = PBXResourcesBuildPhase;
			buildActionMask = 2147483647;
			files = (
			);
			runOnlyForDeploymentPostprocessing = 0;
		};
		C6F148941EFA72D300459CB2 /* Resources */ = {
			isa = PBXResourcesBuildPhase;
			buildActionMask = 2147483647;
			files = (
			);
			runOnlyForDeploymentPostprocessing = 0;
		};
/* End PBXResourcesBuildPhase section */

/* Begin PBXSourcesBuildPhase section */
		C6F1486E1EFA72D300459CB2 /* Sources */ = {
			isa = PBXSourcesBuildPhase;
			buildActionMask = 2147483647;
			files = (
				C6F1487D1EFA72D300459CB2 /* ViewController.m in Sources */,
				C6F148B21EFA81AB00459CB2 /* FullScreenView.m in Sources */,
				C6F1487A1EFA72D300459CB2 /* AppDelegate.m in Sources */,
				C6F148AA1EFA72DD00459CB2 /* VoiceWindow.m in Sources */,
				C6F148771EFA72D300459CB2 /* main.m in Sources */,
				C6F148AD1EFA734A00459CB2 /* VoiceViewController.m in Sources */,
			);
			runOnlyForDeploymentPostprocessing = 0;
		};
		C6F148871EFA72D300459CB2 /* Sources */ = {
			isa = PBXSourcesBuildPhase;
			buildActionMask = 2147483647;
			files = (
				C6F148901EFA72D300459CB2 /* VoiceTests.m in Sources */,
			);
			runOnlyForDeploymentPostprocessing = 0;
		};
		C6F148921EFA72D300459CB2 /* Sources */ = {
			isa = PBXSourcesBuildPhase;
			buildActionMask = 2147483647;
			files = (
				C6F1489B1EFA72D300459CB2 /* VoiceUITests.m in Sources */,
			);
			runOnlyForDeploymentPostprocessing = 0;
		};
/* End PBXSourcesBuildPhase section */

/* Begin PBXTargetDependency section */
		C6F1488D1EFA72D300459CB2 /* PBXTargetDependency */ = {
			isa = PBXTargetDependency;
			target = C6F148711EFA72D300459CB2 /* Voice */;
			targetProxy = C6F1488C1EFA72D300459CB2 /* PBXContainerItemProxy */;
		};
		C6F148981EFA72D300459CB2 /* PBXTargetDependency */ = {
			isa = PBXTargetDependency;
			target = C6F148711EFA72D300459CB2 /* Voice */;
			targetProxy = C6F148971EFA72D300459CB2 /* PBXContainerItemProxy */;
		};
/* End PBXTargetDependency section */

/* Begin PBXVariantGroup section */
		C6F1487E1EFA72D300459CB2 /* Main.storyboard */ = {
			isa = PBXVariantGroup;
			children = (
				C6F1487F1EFA72D300459CB2 /* Base */,
			);
			name = Main.storyboard;
			sourceTree = "<group>";
		};
		C6F148831EFA72D300459CB2 /* LaunchScreen.storyboard */ = {
			isa = PBXVariantGroup;
			children = (
				C6F148841EFA72D300459CB2 /* Base */,
			);
			name = LaunchScreen.storyboard;
			sourceTree = "<group>";
		};
/* End PBXVariantGroup section */

/* Begin XCBuildConfiguration section */
		C6F1489D1EFA72D300459CB2 /* Debug */ = {
			isa = XCBuildConfiguration;
			buildSettings = {
				ALWAYS_SEARCH_USER_PATHS = NO;
				CLANG_ANALYZER_NONNULL = YES;
				CLANG_ANALYZER_NUMBER_OBJECT_CONVERSION = YES_AGGRESSIVE;
				CLANG_CXX_LANGUAGE_STANDARD = "gnu++0x";
				CLANG_CXX_LIBRARY = "libc++";
				CLANG_ENABLE_MODULES = YES;
				CLANG_ENABLE_OBJC_ARC = YES;
				CLANG_WARN_BOOL_CONVERSION = YES;
				CLANG_WARN_CONSTANT_CONVERSION = YES;
				CLANG_WARN_DIRECT_OBJC_ISA_USAGE = YES_ERROR;
				CLANG_WARN_DOCUMENTATION_COMMENTS = YES;
				CLANG_WARN_EMPTY_BODY = YES;
				CLANG_WARN_ENUM_CONVERSION = YES;
				CLANG_WARN_INFINITE_RECURSION = YES;
				CLANG_WARN_INT_CONVERSION = YES;
				CLANG_WARN_OBJC_ROOT_CLASS = YES_ERROR;
				CLANG_WARN_SUSPICIOUS_MOVE = YES;
				CLANG_WARN_UNREACHABLE_CODE = YES;
				CLANG_WARN__DUPLICATE_METHOD_MATCH = YES;
				"CODE_SIGN_IDENTITY[sdk=iphoneos*]" = "iPhone Developer";
				COPY_PHASE_STRIP = NO;
				DEBUG_INFORMATION_FORMAT = dwarf;
				ENABLE_STRICT_OBJC_MSGSEND = YES;
				ENABLE_TESTABILITY = YES;
				GCC_C_LANGUAGE_STANDARD = gnu99;
				GCC_DYNAMIC_NO_PIC = NO;
				GCC_NO_COMMON_BLOCKS = YES;
				GCC_OPTIMIZATION_LEVEL = 0;
				GCC_PREPROCESSOR_DEFINITIONS = (
					"DEBUG=1",
					"$(inherited)",
				);
				GCC_WARN_64_TO_32_BIT_CONVERSION = YES;
				GCC_WARN_ABOUT_RETURN_TYPE = YES_ERROR;
				GCC_WARN_UNDECLARED_SELECTOR = YES;
				GCC_WARN_UNINITIALIZED_AUTOS = YES_AGGRESSIVE;
				GCC_WARN_UNUSED_FUNCTION = YES;
				GCC_WARN_UNUSED_VARIABLE = YES;
				IPHONEOS_DEPLOYMENT_TARGET = 10.3;
				MTL_ENABLE_DEBUG_INFO = YES;
				ONLY_ACTIVE_ARCH = YES;
				SDKROOT = iphoneos;
			};
			name = Debug;
		};
		C6F1489E1EFA72D300459CB2 /* Release */ = {
			isa = XCBuildConfiguration;
			buildSettings = {
				ALWAYS_SEARCH_USER_PATHS = NO;
				CLANG_ANALYZER_NONNULL = YES;
				CLANG_ANALYZER_NUMBER_OBJECT_CONVERSION = YES_AGGRESSIVE;
				CLANG_CXX_LANGUAGE_STANDARD = "gnu++0x";
				CLANG_CXX_LIBRARY = "libc++";
				CLANG_ENABLE_MODULES = YES;
				CLANG_ENABLE_OBJC_ARC = YES;
				CLANG_WARN_BOOL_CONVERSION = YES;
				CLANG_WARN_CONSTANT_CONVERSION = YES;
				CLANG_WARN_DIRECT_OBJC_ISA_USAGE = YES_ERROR;
				CLANG_WARN_DOCUMENTATION_COMMENTS = YES;
				CLANG_WARN_EMPTY_BODY = YES;
				CLANG_WARN_ENUM_CONVERSION = YES;
				CLANG_WARN_INFINITE_RECURSION = YES;
				CLANG_WARN_INT_CONVERSION = YES;
				CLANG_WARN_OBJC_ROOT_CLASS = YES_ERROR;
				CLANG_WARN_SUSPICIOUS_MOVE = YES;
				CLANG_WARN_UNREACHABLE_CODE = YES;
				CLANG_WARN__DUPLICATE_METHOD_MATCH = YES;
				"CODE_SIGN_IDENTITY[sdk=iphoneos*]" = "iPhone Developer";
				COPY_PHASE_STRIP = NO;
				DEBUG_INFORMATION_FORMAT = "dwarf-with-dsym";
				ENABLE_NS_ASSERTIONS = NO;
				ENABLE_STRICT_OBJC_MSGSEND = YES;
				GCC_C_LANGUAGE_STANDARD = gnu99;
				GCC_NO_COMMON_BLOCKS = YES;
				GCC_WARN_64_TO_32_BIT_CONVERSION = YES;
				GCC_WARN_ABOUT_RETURN_TYPE = YES_ERROR;
				GCC_WARN_UNDECLARED_SELECTOR = YES;
				GCC_WARN_UNINITIALIZED_AUTOS = YES_AGGRESSIVE;
				GCC_WARN_UNUSED_FUNCTION = YES;
				GCC_WARN_UNUSED_VARIABLE = YES;
				IPHONEOS_DEPLOYMENT_TARGET = 10.3;
				MTL_ENABLE_DEBUG_INFO = NO;
				SDKROOT = iphoneos;
				VALIDATE_PRODUCT = YES;
			};
			name = Release;
		};
		C6F148A01EFA72D300459CB2 /* Debug */ = {
			isa = XCBuildConfiguration;
			buildSettings = {
				ASSETCATALOG_COMPILER_APPICON_NAME = AppIcon;
				DEVELOPMENT_TEAM = 8YPZ4VJXJG;
				INFOPLIST_FILE = Voice/Info.plist;
				LD_RUNPATH_SEARCH_PATHS = "$(inherited) @executable_path/Frameworks";
				PRODUCT_BUNDLE_IDENTIFIER = com.kuangzhanfeng.Voice;
				PRODUCT_NAME = "$(TARGET_NAME)";
			};
			name = Debug;
		};
		C6F148A11EFA72D300459CB2 /* Release */ = {
			isa = XCBuildConfiguration;
			buildSettings = {
				ASSETCATALOG_COMPILER_APPICON_NAME = AppIcon;
				DEVELOPMENT_TEAM = 8YPZ4VJXJG;
				INFOPLIST_FILE = Voice/Info.plist;
				LD_RUNPATH_SEARCH_PATHS = "$(inherited) @executable_path/Frameworks";
				PRODUCT_BUNDLE_IDENTIFIER = com.kuangzhanfeng.Voice;
				PRODUCT_NAME = "$(TARGET_NAME)";
			};
			name = Release;
		};
		C6F148A31EFA72D300459CB2 /* Debug */ = {
			isa = XCBuildConfiguration;
			buildSettings = {
				BUNDLE_LOADER = "$(TEST_HOST)";
				DEVELOPMENT_TEAM = 8YPZ4VJXJG;
				INFOPLIST_FILE = VoiceTests/Info.plist;
				LD_RUNPATH_SEARCH_PATHS = "$(inherited) @executable_path/Frameworks @loader_path/Frameworks";
				PRODUCT_BUNDLE_IDENTIFIER = com.kuangzhanfeng.VoiceTests;
				PRODUCT_NAME = "$(TARGET_NAME)";
				TEST_HOST = "$(BUILT_PRODUCTS_DIR)/Voice.app/Voice";
			};
			name = Debug;
		};
		C6F148A41EFA72D300459CB2 /* Release */ = {
			isa = XCBuildConfiguration;
			buildSettings = {
				BUNDLE_LOADER = "$(TEST_HOST)";
				DEVELOPMENT_TEAM = 8YPZ4VJXJG;
				INFOPLIST_FILE = VoiceTests/Info.plist;
				LD_RUNPATH_SEARCH_PATHS = "$(inherited) @executable_path/Frameworks @loader_path/Frameworks";
				PRODUCT_BUNDLE_IDENTIFIER = com.kuangzhanfeng.VoiceTests;
				PRODUCT_NAME = "$(TARGET_NAME)";
				TEST_HOST = "$(BUILT_PRODUCTS_DIR)/Voice.app/Voice";
			};
			name = Release;
		};
		C6F148A61EFA72D300459CB2 /* Debug */ = {
			isa = XCBuildConfiguration;
			buildSettings = {
				DEVELOPMENT_TEAM = 8YPZ4VJXJG;
				INFOPLIST_FILE = VoiceUITests/Info.plist;
				LD_RUNPATH_SEARCH_PATHS = "$(inherited) @executable_path/Frameworks @loader_path/Frameworks";
				PRODUCT_BUNDLE_IDENTIFIER = com.kuangzhanfeng.VoiceUITests;
				PRODUCT_NAME = "$(TARGET_NAME)";
				TEST_TARGET_NAME = Voice;
			};
			name = Debug;
		};
		C6F148A71EFA72D300459CB2 /* Release */ = {
			isa = XCBuildConfiguration;
			buildSettings = {
				DEVELOPMENT_TEAM = 8YPZ4VJXJG;
				INFOPLIST_FILE = VoiceUITests/Info.plist;
				LD_RUNPATH_SEARCH_PATHS = "$(inherited) @executable_path/Frameworks @loader_path/Frameworks";
				PRODUCT_BUNDLE_IDENTIFIER = com.kuangzhanfeng.VoiceUITests;
				PRODUCT_NAME = "$(TARGET_NAME)";
				TEST_TARGET_NAME = Voice;
			};
			name = Release;
		};
/* End XCBuildConfiguration section */

/* Begin XCConfigurationList section */
		C6F1486D1EFA72D300459CB2 /* Build configuration list for PBXProject "Voice" */ = {
			isa = XCConfigurationList;
			buildConfigurations = (
				C6F1489D1EFA72D300459CB2 /* Debug */,
				C6F1489E1EFA72D300459CB2 /* Release */,
			);
			defaultConfigurationIsVisible = 0;
			defaultConfigurationName = Release;
		};
		C6F1489F1EFA72D300459CB2 /* Build configuration list for PBXNativeTarget "Voice" */ = {
			isa = XCConfigurationList;
			buildConfigurations = (
				C6F148A01EFA72D300459CB2 /* Debug */,
				C6F148A11EFA72D300459CB2 /* Release */,
			);
			defaultConfigurationIsVisible = 0;
			defaultConfigurationName = Release;
		};
		C6F148A21EFA72D300459CB2 /* Build configuration list for PBXNativeTarget "VoiceTests" */ = {
			isa = XCConfigurationList;
			buildConfigurations = (
				C6F148A31EFA72D300459CB2 /* Debug */,
				C6F148A41EFA72D300459CB2 /* Release */,
			);
			defaultConfigurationIsVisible = 0;
			defaultConfigurationName = Release;
		};
		C6F148A51EFA72D300459CB2 /* Build configuration list for PBXNativeTarget "VoiceUITests" */ = {
			isa = XCConfigurationList;
			buildConfigurations = (
				C6F148A61EFA72D300459CB2 /* Debug */,
				C6F148A71EFA72D300459CB2 /* Release */,
			);
			defaultConfigurationIsVisible = 0;
			defaultConfigurationName = Release;
		};
/* End XCConfigurationList section */
	};
	rootObject = C6F1486A1EFA72D300459CB2 /* Project object */;
}
